# THIS IS AN AUTOGENERATED FILE. DO NOT EDIT THIS FILE DIRECTLY.
# yarn lockfile v1


"files@file:./build/generated/source/proto/main/js":
  version "0.0.0"

google-protobuf@^3.15.5, google-protobuf@^3.18.0:
  version "3.18.0"
  resolved "https://registry.yarnpkg.com/google-protobuf/-/google-protobuf-3.18.0.tgz#687449d8e858305d658dc1145852c306d8222f5a"
  integrity sha512-WlaQWRkUOo/lm9uTgNH6nk9IQt814RggWPzKBfnAVewOFzSzRUSmS1yUWRT6ixW1vS7er5p6tmLSmwzpPpmc8A==

ts-protoc-gen@^0.15.0:
  version "0.15.0"
  resolved "https://registry.yarnpkg.com/ts-protoc-gen/-/ts-protoc-gen-0.15.0.tgz#2fec5930b46def7dcc9fa73c060d770b7b076b7b"
  integrity sha512-TycnzEyrdVDlATJ3bWFTtra3SCiEP0W0vySXReAuEygXCUr1j2uaVyL0DhzjwuUdQoW5oXPwk6oZWeA0955V+g==
  dependencies:
    google-protobuf "^3.15.5"
