# THIS IS AN AUTOGENERATED FILE. DO NOT EDIT THIS FILE DIRECTLY.
# yarn lockfile v1


"google-protobuf@^3.15.5":
  "integrity" "sha512-WlaQWRkUOo/lm9uTgNH6nk9IQt814RggWPzKBfnAVewOFzSzRUSmS1yUWRT6ixW1vS7er5p6tmLSmwzpPpmc8A=="
  "resolved" "https://registry.npmjs.org/google-protobuf/-/google-protobuf-3.18.0.tgz"
  "version" "3.18.0"

"ts-protoc-gen@^0.15.0":
  "integrity" "sha512-TycnzEyrdVDlATJ3bWFTtra3SCiEP0W0vySXReAuEygXCUr1j2uaVyL0DhzjwuUdQoW5oXPwk6oZWeA0955V+g=="
  "resolved" "https://registry.npmjs.org/ts-protoc-gen/-/ts-protoc-gen-0.15.0.tgz"
  "version" "0.15.0"
  dependencies:
    "google-protobuf" "^3.15.5"
